
Microsoft Visual Studio Solution File, Format Version 12.00
# Visual Studio Version 16
VisualStudioVersion = 16.0.29209.62
MinimumVisualStudioVersion = 15.0.26124.0
Project("{2150E333-8FDC-42A3-9474-1A3956D46DE8}") = "src", "src", "{30DC8085-0C32-4ABE-8B13-B5B1D46BFF29}"
EndProject
Project("{9A19103F-16F7-4668-BE54-9A1E7A4F7556}") = "NotSteam.Infrastructure", "src\NotSteam.Infrastructure\NotSteam.Infrastructure.csproj", "{C5511BB2-9C7B-45C1-B62F-B2F0EEB0FBF8}"
EndProject
Project("{9A19103F-16F7-4668-BE54-9A1E7A4F7556}") = "NotSteam.Model", "src\NotSteam.Model\NotSteam.Model.csproj", "{0C892140-E1E9-46FE-90C1-9DD7DFB9429E}"
EndProject
Project("{9A19103F-16F7-4668-BE54-9A1E7A4F7556}") = "NotSteam.Shared", "src\NotSteam.Shared\NotSteam.Shared.csproj", "{BEE01281-29AC-4A20-B109-BC41C2825592}"
EndProject
Project("{9A19103F-16F7-4668-BE54-9A1E7A4F7556}") = "NotSteam.Api", "src\NotSteam.Api\NotSteam.Api.csproj", "{47C93640-90A8-4044-BE40-7D70C1B3FA89}"
EndProject
Project("{9A19103F-16F7-4668-BE54-9A1E7A4F7556}") = "NotSteam.Core", "src\NotSteam.Core\NotSteam.Core.csproj", "{CD7CAE86-3D09-4201-AF2A-04E435F7135C}"
EndProject
Project("{2150E333-8FDC-42A3-9474-1A3956D46DE8}") = "Common", "Common", "{190411DA-906F-4E1B-BFFD-CE940E51F398}"
EndProject
Project("{2150E333-8FDC-42A3-9474-1A3956D46DE8}") = "Core", "Core", "{15BA82CF-73F6-44C4-BBAA-D858F7511D28}"
EndProject
Project("{2150E333-8FDC-42A3-9474-1A3956D46DE8}") = "Infrastructure", "Infrastructure", "{532F663D-2695-4BE5-A9E0-87A3D759D006}"
EndProject
Project("{2150E333-8FDC-42A3-9474-1A3956D46DE8}") = "API", "API", "{3AD3A67C-829F-450B-BE1C-8572CF492D28}"
EndProject
Global
	GlobalSection(SolutionConfigurationPlatforms) = preSolution
		Debug|Any CPU = Debug|Any CPU
		Debug|x64 = Debug|x64
		Debug|x86 = Debug|x86
		Release|Any CPU = Release|Any CPU
		Release|x64 = Release|x64
		Release|x86 = Release|x86
	EndGlobalSection
	GlobalSection(ProjectConfigurationPlatforms) = postSolution
		{C5511BB2-9C7B-45C1-B62F-B2F0EEB0FBF8}.Debug|Any CPU.ActiveCfg = Debug|Any CPU
		{C5511BB2-9C7B-45C1-B62F-B2F0EEB0FBF8}.Debug|Any CPU.Build.0 = Debug|Any CPU
		{C5511BB2-9C7B-45C1-B62F-B2F0EEB0FBF8}.Debug|x64.ActiveCfg = Debug|Any CPU
		{C5511BB2-9C7B-45C1-B62F-B2F0EEB0FBF8}.Debug|x64.Build.0 = Debug|Any CPU
		{C5511BB2-9C7B-45C1-B62F-B2F0EEB0FBF8}.Debug|x86.ActiveCfg = Debug|Any CPU
		{C5511BB2-9C7B-45C1-B62F-B2F0EEB0FBF8}.Debug|x86.Build.0 = Debug|Any CPU
		{C5511BB2-9C7B-45C1-B62F-B2F0EEB0FBF8}.Release|Any CPU.ActiveCfg = Release|Any CPU
		{C5511BB2-9C7B-45C1-B62F-B2F0EEB0FBF8}.Release|Any CPU.Build.0 = Release|Any CPU
		{C5511BB2-9C7B-45C1-B62F-B2F0EEB0FBF8}.Release|x64.ActiveCfg = Release|Any CPU
		{C5511BB2-9C7B-45C1-B62F-B2F0EEB0FBF8}.Release|x64.Build.0 = Release|Any CPU
		{C5511BB2-9C7B-45C1-B62F-B2F0EEB0FBF8}.Release|x86.ActiveCfg = Release|Any CPU
		{C5511BB2-9C7B-45C1-B62F-B2F0EEB0FBF8}.Release|x86.Build.0 = Release|Any CPU
		{0C892140-E1E9-46FE-90C1-9DD7DFB9429E}.Debug|Any CPU.ActiveCfg = Debug|Any CPU
		{0C892140-E1E9-46FE-90C1-9DD7DFB9429E}.Debug|Any CPU.Build.0 = Debug|Any CPU
		{0C892140-E1E9-46FE-90C1-9DD7DFB9429E}.Debug|x64.ActiveCfg = Debug|Any CPU
		{0C892140-E1E9-46FE-90C1-9DD7DFB9429E}.Debug|x64.Build.0 = Debug|Any CPU
		{0C892140-E1E9-46FE-90C1-9DD7DFB9429E}.Debug|x86.ActiveCfg = Debug|Any CPU
		{0C892140-E1E9-46FE-90C1-9DD7DFB9429E}.Debug|x86.Build.0 = Debug|Any CPU
		{0C892140-E1E9-46FE-90C1-9DD7DFB9429E}.Release|Any CPU.ActiveCfg = Release|Any CPU
		{0C892140-E1E9-46FE-90C1-9DD7DFB9429E}.Release|Any CPU.Build.0 = Release|Any CPU
		{0C892140-E1E9-46FE-90C1-9DD7DFB9429E}.Release|x64.ActiveCfg = Release|Any CPU
		{0C892140-E1E9-46FE-90C1-9DD7DFB9429E}.Release|x64.Build.0 = Release|Any CPU
		{0C892140-E1E9-46FE-90C1-9DD7DFB9429E}.Release|x86.ActiveCfg = Release|Any CPU
		{0C892140-E1E9-46FE-90C1-9DD7DFB9429E}.Release|x86.Build.0 = Release|Any CPU
		{BEE01281-29AC-4A20-B109-BC41C2825592}.Debug|Any CPU.ActiveCfg = Debug|Any CPU
		{BEE01281-29AC-4A20-B109-BC41C2825592}.Debug|Any CPU.Build.0 = Debug|Any CPU
		{BEE01281-29AC-4A20-B109-BC41C2825592}.Debug|x64.ActiveCfg = Debug|Any CPU
		{BEE01281-29AC-4A20-B109-BC41C2825592}.Debug|x64.Build.0 = Debug|Any CPU
		{BEE01281-29AC-4A20-B109-BC41C2825592}.Debug|x86.ActiveCfg = Debug|Any CPU
		{BEE01281-29AC-4A20-B109-BC41C2825592}.Debug|x86.Build.0 = Debug|Any CPU
		{BEE01281-29AC-4A20-B109-BC41C2825592}.Release|Any CPU.ActiveCfg = Release|Any CPU
		{BEE01281-29AC-4A20-B109-BC41C2825592}.Release|Any CPU.Build.0 = Release|Any CPU
		{BEE01281-29AC-4A20-B109-BC41C2825592}.Release|x64.ActiveCfg = Release|Any CPU
		{BEE01281-29AC-4A20-B109-BC41C2825592}.Release|x64.Build.0 = Release|Any CPU
		{BEE01281-29AC-4A20-B109-BC41C2825592}.Release|x86.ActiveCfg = Release|Any CPU
		{BEE01281-29AC-4A20-B109-BC41C2825592}.Release|x86.Build.0 = Release|Any CPU
		{47C93640-90A8-4044-BE40-7D70C1B3FA89}.Debug|Any CPU.ActiveCfg = Debug|Any CPU
		{47C93640-90A8-4044-BE40-7D70C1B3FA89}.Debug|Any CPU.Build.0 = Debug|Any CPU
		{47C93640-90A8-4044-BE40-7D70C1B3FA89}.Debug|x64.ActiveCfg = Debug|Any CPU
		{47C93640-90A8-4044-BE40-7D70C1B3FA89}.Debug|x64.Build.0 = Debug|Any CPU
		{47C93640-90A8-4044-BE40-7D70C1B3FA89}.Debug|x86.ActiveCfg = Debug|Any CPU
		{47C93640-90A8-4044-BE40-7D70C1B3FA89}.Debug|x86.Build.0 = Debug|Any CPU
		{47C93640-90A8-4044-BE40-7D70C1B3FA89}.Release|Any CPU.ActiveCfg = Release|Any CPU
		{47C93640-90A8-4044-BE40-7D70C1B3FA89}.Release|Any CPU.Build.0 = Release|Any CPU
		{47C93640-90A8-4044-BE40-7D70C1B3FA89}.Release|x64.ActiveCfg = Release|Any CPU
		{47C93640-90A8-4044-BE40-7D70C1B3FA89}.Release|x64.Build.0 = Release|Any CPU
		{47C93640-90A8-4044-BE40-7D70C1B3FA89}.Release|x86.ActiveCfg = Release|Any CPU
		{47C93640-90A8-4044-BE40-7D70C1B3FA89}.Release|x86.Build.0 = Release|Any CPU
		{CD7CAE86-3D09-4201-AF2A-04E435F7135C}.Debug|Any CPU.ActiveCfg = Debug|Any CPU
		{CD7CAE86-3D09-4201-AF2A-04E435F7135C}.Debug|Any CPU.Build.0 = Debug|Any CPU
		{CD7CAE86-3D09-4201-AF2A-04E435F7135C}.Debug|x64.ActiveCfg = Debug|Any CPU
		{CD7CAE86-3D09-4201-AF2A-04E435F7135C}.Debug|x64.Build.0 = Debug|Any CPU
		{CD7CAE86-3D09-4201-AF2A-04E435F7135C}.Debug|x86.ActiveCfg = Debug|Any CPU
		{CD7CAE86-3D09-4201-AF2A-04E435F7135C}.Debug|x86.Build.0 = Debug|Any CPU
		{CD7CAE86-3D09-4201-AF2A-04E435F7135C}.Release|Any CPU.ActiveCfg = Release|Any CPU
		{CD7CAE86-3D09-4201-AF2A-04E435F7135C}.Release|Any CPU.Build.0 = Release|Any CPU
		{CD7CAE86-3D09-4201-AF2A-04E435F7135C}.Release|x64.ActiveCfg = Release|Any CPU
		{CD7CAE86-3D09-4201-AF2A-04E435F7135C}.Release|x64.Build.0 = Release|Any CPU
		{CD7CAE86-3D09-4201-AF2A-04E435F7135C}.Release|x86.ActiveCfg = Release|Any CPU
		{CD7CAE86-3D09-4201-AF2A-04E435F7135C}.Release|x86.Build.0 = Release|Any CPU
	EndGlobalSection
	GlobalSection(SolutionProperties) = preSolution
		HideSolutionNode = FALSE
	EndGlobalSection
	GlobalSection(NestedProjects) = preSolution
		{C5511BB2-9C7B-45C1-B62F-B2F0EEB0FBF8} = {532F663D-2695-4BE5-A9E0-87A3D759D006}
		{0C892140-E1E9-46FE-90C1-9DD7DFB9429E} = {15BA82CF-73F6-44C4-BBAA-D858F7511D28}
		{BEE01281-29AC-4A20-B109-BC41C2825592} = {190411DA-906F-4E1B-BFFD-CE940E51F398}
		{47C93640-90A8-4044-BE40-7D70C1B3FA89} = {3AD3A67C-829F-450B-BE1C-8572CF492D28}
		{CD7CAE86-3D09-4201-AF2A-04E435F7135C} = {15BA82CF-73F6-44C4-BBAA-D858F7511D28}
		{190411DA-906F-4E1B-BFFD-CE940E51F398} = {30DC8085-0C32-4ABE-8B13-B5B1D46BFF29}
		{15BA82CF-73F6-44C4-BBAA-D858F7511D28} = {30DC8085-0C32-4ABE-8B13-B5B1D46BFF29}
		{532F663D-2695-4BE5-A9E0-87A3D759D006} = {30DC8085-0C32-4ABE-8B13-B5B1D46BFF29}
		{3AD3A67C-829F-450B-BE1C-8572CF492D28} = {30DC8085-0C32-4ABE-8B13-B5B1D46BFF29}
	EndGlobalSection
	GlobalSection(ExtensibilityGlobals) = postSolution
		SolutionGuid = {CA656BAC-5F12-4FCF-AA3A-FB84D08C16AF}
	EndGlobalSection
EndGlobal
