
Microsoft Visual Studio Solution File, Format Version 12.00
# Visual Studio Version 16
VisualStudioVersion = 16.0.29201.188
MinimumVisualStudioVersion = 15.0.26124.0
Project("{2150E333-8FDC-42A3-9474-1A3956D46DE8}") = "src", "src", "{28F3BD53-D2D2-41DF-A87C-8834D92A3DF9}"
EndProject
Project("{9A19103F-16F7-4668-BE54-9A1E7A4F7556}") = "NotSteam.Core", "src\NotSteam.Core\NotSteam.Core.csproj", "{B7FA5316-66A3-4BD0-BA28-D816C271FE8D}"
EndProject
Project("{2150E333-8FDC-42A3-9474-1A3956D46DE8}") = "test", "test", "{EDBFFF13-9EDC-46A0-8D22-AFEF876EA1CC}"
EndProject
Project("{9A19103F-16F7-4668-BE54-9A1E7A4F7556}") = "NotSteam.Core.Test", "test\NotSteam.Core.Tests\NotSteam.Core.Test.csproj", "{89924182-0597-4DC9-958F-6F0C21B75772}"
EndProject
Global
	GlobalSection(SolutionConfigurationPlatforms) = preSolution
		Debug|Any CPU = Debug|Any CPU
		Debug|x64 = Debug|x64
		Debug|x86 = Debug|x86
		Release|Any CPU = Release|Any CPU
		Release|x64 = Release|x64
		Release|x86 = Release|x86
	EndGlobalSection
	GlobalSection(ProjectConfigurationPlatforms) = postSolution
		{B7FA5316-66A3-4BD0-BA28-D816C271FE8D}.Debug|Any CPU.ActiveCfg = Debug|Any CPU
		{B7FA5316-66A3-4BD0-BA28-D816C271FE8D}.Debug|Any CPU.Build.0 = Debug|Any CPU
		{B7FA5316-66A3-4BD0-BA28-D816C271FE8D}.Debug|x64.ActiveCfg = Debug|Any CPU
		{B7FA5316-66A3-4BD0-BA28-D816C271FE8D}.Debug|x64.Build.0 = Debug|Any CPU
		{B7FA5316-66A3-4BD0-BA28-D816C271FE8D}.Debug|x86.ActiveCfg = Debug|Any CPU
		{B7FA5316-66A3-4BD0-BA28-D816C271FE8D}.Debug|x86.Build.0 = Debug|Any CPU
		{B7FA5316-66A3-4BD0-BA28-D816C271FE8D}.Release|Any CPU.ActiveCfg = Release|Any CPU
		{B7FA5316-66A3-4BD0-BA28-D816C271FE8D}.Release|Any CPU.Build.0 = Release|Any CPU
		{B7FA5316-66A3-4BD0-BA28-D816C271FE8D}.Release|x64.ActiveCfg = Release|Any CPU
		{B7FA5316-66A3-4BD0-BA28-D816C271FE8D}.Release|x64.Build.0 = Release|Any CPU
		{B7FA5316-66A3-4BD0-BA28-D816C271FE8D}.Release|x86.ActiveCfg = Release|Any CPU
		{B7FA5316-66A3-4BD0-BA28-D816C271FE8D}.Release|x86.Build.0 = Release|Any CPU
		{89924182-0597-4DC9-958F-6F0C21B75772}.Debug|Any CPU.ActiveCfg = Debug|Any CPU
		{89924182-0597-4DC9-958F-6F0C21B75772}.Debug|Any CPU.Build.0 = Debug|Any CPU
		{89924182-0597-4DC9-958F-6F0C21B75772}.Debug|x64.ActiveCfg = Debug|Any CPU
		{89924182-0597-4DC9-958F-6F0C21B75772}.Debug|x64.Build.0 = Debug|Any CPU
		{89924182-0597-4DC9-958F-6F0C21B75772}.Debug|x86.ActiveCfg = Debug|Any CPU
		{89924182-0597-4DC9-958F-6F0C21B75772}.Debug|x86.Build.0 = Debug|Any CPU
		{89924182-0597-4DC9-958F-6F0C21B75772}.Release|Any CPU.ActiveCfg = Release|Any CPU
		{89924182-0597-4DC9-958F-6F0C21B75772}.Release|Any CPU.Build.0 = Release|Any CPU
		{89924182-0597-4DC9-958F-6F0C21B75772}.Release|x64.ActiveCfg = Release|Any CPU
		{89924182-0597-4DC9-958F-6F0C21B75772}.Release|x64.Build.0 = Release|Any CPU
		{89924182-0597-4DC9-958F-6F0C21B75772}.Release|x86.ActiveCfg = Release|Any CPU
		{89924182-0597-4DC9-958F-6F0C21B75772}.Release|x86.Build.0 = Release|Any CPU
	EndGlobalSection
	GlobalSection(SolutionProperties) = preSolution
		HideSolutionNode = FALSE
	EndGlobalSection
	GlobalSection(NestedProjects) = preSolution
		{B7FA5316-66A3-4BD0-BA28-D816C271FE8D} = {28F3BD53-D2D2-41DF-A87C-8834D92A3DF9}
		{89924182-0597-4DC9-958F-6F0C21B75772} = {EDBFFF13-9EDC-46A0-8D22-AFEF876EA1CC}
	EndGlobalSection
	GlobalSection(ExtensibilityGlobals) = postSolution
		SolutionGuid = {D07E25BD-EADA-40FC-8A7D-85228C7709C1}
	EndGlobalSection
EndGlobal
